
Microsoft Visual Studio Solution File, Format Version 12.00
# Visual Studio Version 16
VisualStudioVersion = 16.0.30907.101
MinimumVisualStudioVersion = 10.0.40219.1
Project("{FAE04EC0-301F-11D3-BF4B-00C04F79EFBC}") = "Lab1_ED1 (backup)", "Lab1_ED1 (backup).csproj", "{873E4B4B-E614-4649-99F1-670F38908E20}"
EndProject
Project("{FAE04EC0-301F-11D3-BF4B-00C04F79EFBC}") = "E_LinealesCS", "..\E_LinealesCS\E_LinealesCS.csproj", "{1E797CB2-BB5F-488E-8A15-C5F161515962}"
EndProject
Global
	GlobalSection(SolutionConfigurationPlatforms) = preSolution
		Debug|Any CPU = Debug|Any CPU
		Release|Any CPU = Release|Any CPU
	EndGlobalSection
	GlobalSection(ProjectConfigurationPlatforms) = postSolution
		{873E4B4B-E614-4649-99F1-670F38908E20}.Debug|Any CPU.ActiveCfg = Debug|Any CPU
		{873E4B4B-E614-4649-99F1-670F38908E20}.Debug|Any CPU.Build.0 = Debug|Any CPU
		{873E4B4B-E614-4649-99F1-670F38908E20}.Release|Any CPU.ActiveCfg = Release|Any CPU
		{873E4B4B-E614-4649-99F1-670F38908E20}.Release|Any CPU.Build.0 = Release|Any CPU
		{1E797CB2-BB5F-488E-8A15-C5F161515962}.Debug|Any CPU.ActiveCfg = Debug|Any CPU
		{1E797CB2-BB5F-488E-8A15-C5F161515962}.Debug|Any CPU.Build.0 = Debug|Any CPU
		{1E797CB2-BB5F-488E-8A15-C5F161515962}.Release|Any CPU.ActiveCfg = Release|Any CPU
		{1E797CB2-BB5F-488E-8A15-C5F161515962}.Release|Any CPU.Build.0 = Release|Any CPU
	EndGlobalSection
	GlobalSection(SolutionProperties) = preSolution
		HideSolutionNode = FALSE
	EndGlobalSection
	GlobalSection(ExtensibilityGlobals) = postSolution
		SolutionGuid = {F21C4222-F134-4AE2-8CCA-A3E8752F4632}
	EndGlobalSection
EndGlobal
